
Microsoft Visual Studio Solution File, Format Version 12.00
# Visual Studio Version 17
VisualStudioVersion = 17.7.34031.279
MinimumVisualStudioVersion = 10.0.40219.1
Project("{FAE04EC0-301F-11D3-BF4B-00C04F79EFBC}") = "Demo", "Demo\Demo.csproj", "{6331FA3A-F760-492E-A19D-FC68C88D0190}"
EndProject
Global
	GlobalSection(SolutionConfigurationPlatforms) = preSolution
		Debug|Any CPU = Debug|Any CPU
		Release|Any CPU = Release|Any CPU
	EndGlobalSection
	GlobalSection(ProjectConfigurationPlatforms) = postSolution
		{6331FA3A-F760-492E-A19D-FC68C88D0190}.Debug|Any CPU.ActiveCfg = Debug|Any CPU
		{6331FA3A-F760-492E-A19D-FC68C88D0190}.Debug|Any CPU.Build.0 = Debug|Any CPU
		{6331FA3A-F760-492E-A19D-FC68C88D0190}.Release|Any CPU.ActiveCfg = Release|Any CPU
		{6331FA3A-F760-492E-A19D-FC68C88D0190}.Release|Any CPU.Build.0 = Release|Any CPU
	EndGlobalSection
	GlobalSection(SolutionProperties) = preSolution
		HideSolutionNode = FALSE
	EndGlobalSection
	GlobalSection(ExtensibilityGlobals) = postSolution
		SolutionGuid = {E6455140-FB85-4E8F-8063-9AA31F454583}
	EndGlobalSection
EndGlobal
